
Microsoft Visual Studio Solution File, Format Version 12.00
# Visual Studio Version 16
VisualStudioVersion = 16.0.31702.278
MinimumVisualStudioVersion = 10.0.40219.1
Project("{9A19103F-16F7-4668-BE54-9A1E7A4F7556}") = "Task1", "Task1\Task1.csproj", "{FBB37940-2407-4591-A4B9-9D637E370616}"
EndProject
Project("{FAE04EC0-301F-11D3-BF4B-00C04F79EFBC}") = "Task2", "Task2\Task2.csproj", "{7CE6542C-C634-4039-97F1-EB4102FE36C9}"
EndProject
Project("{FAE04EC0-301F-11D3-BF4B-00C04F79EFBC}") = "Task3", "Task3\Task3.csproj", "{7DE5E798-3B63-48DE-8FB8-202A10E98D9B}"
EndProject
Project("{FAE04EC0-301F-11D3-BF4B-00C04F79EFBC}") = "Task4", "Task4\Task4.csproj", "{65B12C7D-8DDF-4CBE-8FD5-3278DA734929}"
EndProject
Global
	GlobalSection(SolutionConfigurationPlatforms) = preSolution
		Debug|Any CPU = Debug|Any CPU
		Release|Any CPU = Release|Any CPU
	EndGlobalSection
	GlobalSection(ProjectConfigurationPlatforms) = postSolution
		{FBB37940-2407-4591-A4B9-9D637E370616}.Debug|Any CPU.ActiveCfg = Debug|Any CPU
		{FBB37940-2407-4591-A4B9-9D637E370616}.Debug|Any CPU.Build.0 = Debug|Any CPU
		{FBB37940-2407-4591-A4B9-9D637E370616}.Release|Any CPU.ActiveCfg = Release|Any CPU
		{FBB37940-2407-4591-A4B9-9D637E370616}.Release|Any CPU.Build.0 = Release|Any CPU
		{7CE6542C-C634-4039-97F1-EB4102FE36C9}.Debug|Any CPU.ActiveCfg = Debug|Any CPU
		{7CE6542C-C634-4039-97F1-EB4102FE36C9}.Debug|Any CPU.Build.0 = Debug|Any CPU
		{7CE6542C-C634-4039-97F1-EB4102FE36C9}.Release|Any CPU.ActiveCfg = Release|Any CPU
		{7CE6542C-C634-4039-97F1-EB4102FE36C9}.Release|Any CPU.Build.0 = Release|Any CPU
		{7DE5E798-3B63-48DE-8FB8-202A10E98D9B}.Debug|Any CPU.ActiveCfg = Debug|Any CPU
		{7DE5E798-3B63-48DE-8FB8-202A10E98D9B}.Debug|Any CPU.Build.0 = Debug|Any CPU
		{7DE5E798-3B63-48DE-8FB8-202A10E98D9B}.Release|Any CPU.ActiveCfg = Release|Any CPU
		{7DE5E798-3B63-48DE-8FB8-202A10E98D9B}.Release|Any CPU.Build.0 = Release|Any CPU
		{65B12C7D-8DDF-4CBE-8FD5-3278DA734929}.Debug|Any CPU.ActiveCfg = Debug|Any CPU
		{65B12C7D-8DDF-4CBE-8FD5-3278DA734929}.Debug|Any CPU.Build.0 = Debug|Any CPU
		{65B12C7D-8DDF-4CBE-8FD5-3278DA734929}.Release|Any CPU.ActiveCfg = Release|Any CPU
		{65B12C7D-8DDF-4CBE-8FD5-3278DA734929}.Release|Any CPU.Build.0 = Release|Any CPU
	EndGlobalSection
	GlobalSection(SolutionProperties) = preSolution
		HideSolutionNode = FALSE
	EndGlobalSection
	GlobalSection(ExtensibilityGlobals) = postSolution
		SolutionGuid = {6E4ACFFE-1F58-4226-9B08-1E4D92E2856E}
	EndGlobalSection
EndGlobal
