
Microsoft Visual Studio Solution File, Format Version 12.00
# Visual Studio Version 16
VisualStudioVersion = 16.0.31702.278
MinimumVisualStudioVersion = 10.0.40219.1
Project("{FAE04EC0-301F-11D3-BF4B-00C04F79EFBC}") = "Task1", "Task1\Task1.csproj", "{CA55E57E-11E0-4DDA-BFB6-2D5B4998C53D}"
EndProject
Project("{FAE04EC0-301F-11D3-BF4B-00C04F79EFBC}") = "Task2", "Task2\Task2.csproj", "{FC10729C-7DE4-4AF6-A0C9-EE15AE7F338C}"
EndProject
Project("{FAE04EC0-301F-11D3-BF4B-00C04F79EFBC}") = "Task3", "Task3\Task3.csproj", "{FAA433E0-E8F0-4C38-87CB-B1CF05F0E2A9}"
EndProject
Project("{FAE04EC0-301F-11D3-BF4B-00C04F79EFBC}") = "MathLibrary", "MathLibrary\MathLibrary.csproj", "{A490E5CC-801A-4359-86DF-7E089E08C175}"
EndProject
Global
	GlobalSection(SolutionConfigurationPlatforms) = preSolution
		Debug|Any CPU = Debug|Any CPU
		Release|Any CPU = Release|Any CPU
	EndGlobalSection
	GlobalSection(ProjectConfigurationPlatforms) = postSolution
		{CA55E57E-11E0-4DDA-BFB6-2D5B4998C53D}.Debug|Any CPU.ActiveCfg = Debug|Any CPU
		{CA55E57E-11E0-4DDA-BFB6-2D5B4998C53D}.Debug|Any CPU.Build.0 = Debug|Any CPU
		{CA55E57E-11E0-4DDA-BFB6-2D5B4998C53D}.Release|Any CPU.ActiveCfg = Release|Any CPU
		{CA55E57E-11E0-4DDA-BFB6-2D5B4998C53D}.Release|Any CPU.Build.0 = Release|Any CPU
		{FC10729C-7DE4-4AF6-A0C9-EE15AE7F338C}.Debug|Any CPU.ActiveCfg = Debug|Any CPU
		{FC10729C-7DE4-4AF6-A0C9-EE15AE7F338C}.Debug|Any CPU.Build.0 = Debug|Any CPU
		{FC10729C-7DE4-4AF6-A0C9-EE15AE7F338C}.Release|Any CPU.ActiveCfg = Release|Any CPU
		{FC10729C-7DE4-4AF6-A0C9-EE15AE7F338C}.Release|Any CPU.Build.0 = Release|Any CPU
		{FAA433E0-E8F0-4C38-87CB-B1CF05F0E2A9}.Debug|Any CPU.ActiveCfg = Debug|Any CPU
		{FAA433E0-E8F0-4C38-87CB-B1CF05F0E2A9}.Debug|Any CPU.Build.0 = Debug|Any CPU
		{FAA433E0-E8F0-4C38-87CB-B1CF05F0E2A9}.Release|Any CPU.ActiveCfg = Release|Any CPU
		{FAA433E0-E8F0-4C38-87CB-B1CF05F0E2A9}.Release|Any CPU.Build.0 = Release|Any CPU
		{A490E5CC-801A-4359-86DF-7E089E08C175}.Debug|Any CPU.ActiveCfg = Debug|Any CPU
		{A490E5CC-801A-4359-86DF-7E089E08C175}.Debug|Any CPU.Build.0 = Debug|Any CPU
		{A490E5CC-801A-4359-86DF-7E089E08C175}.Release|Any CPU.ActiveCfg = Release|Any CPU
		{A490E5CC-801A-4359-86DF-7E089E08C175}.Release|Any CPU.Build.0 = Release|Any CPU
	EndGlobalSection
	GlobalSection(SolutionProperties) = preSolution
		HideSolutionNode = FALSE
	EndGlobalSection
	GlobalSection(ExtensibilityGlobals) = postSolution
		SolutionGuid = {C612346A-86DA-4F2B-8D9E-C3889536CE9F}
	EndGlobalSection
EndGlobal
