
Microsoft Visual Studio Solution File, Format Version 12.00
# Visual Studio Version 16
VisualStudioVersion = 16.0.31702.278
MinimumVisualStudioVersion = 10.0.40219.1
Project("{9A19103F-16F7-4668-BE54-9A1E7A4F7556}") = "13-3layered-architecture", "13-3layered-architecture\13-3layered-architecture.csproj", "{488D5750-5D05-41A9-909E-995BB062B51D}"
EndProject
Project("{9A19103F-16F7-4668-BE54-9A1E7A4F7556}") = "Task", "..\..\12-winforms\WinForms\Task\Task.csproj", "{8C0C6DF8-FAEE-4976-819D-F566F30C168B}"
EndProject
Project("{2150E333-8FDC-42A3-9474-1A3956D46DE8}") = "PL", "PL", "{3B7E961F-924B-424C-B153-A88B86804DCD}"
EndProject
Project("{2150E333-8FDC-42A3-9474-1A3956D46DE8}") = "BLL", "BLL", "{7B6DA84F-EFAD-4D00-A998-A3615BB84835}"
EndProject
Project("{2150E333-8FDC-42A3-9474-1A3956D46DE8}") = "DAL", "DAL", "{1BFF47D5-1597-4FA0-9F59-77ACAD46C5C1}"
EndProject
Project("{2150E333-8FDC-42A3-9474-1A3956D46DE8}") = "Entities", "Entities", "{4E51FDD6-CB8C-4A2D-9BB7-865A73CCD868}"
EndProject
Project("{2150E333-8FDC-42A3-9474-1A3956D46DE8}") = "Interfaces", "Interfaces", "{3C2871C1-0E6F-4593-BBF0-EE97E23F8866}"
EndProject
Project("{9A19103F-16F7-4668-BE54-9A1E7A4F7556}") = "Entities", "Entities\Entities.csproj", "{B6633F75-AE66-40A4-93CB-379B90161438}"
EndProject
Project("{9A19103F-16F7-4668-BE54-9A1E7A4F7556}") = "Interfaces", "Interfaces\Interfaces.csproj", "{F99C8A24-A73D-4A6D-802E-8A5C1AC14BC9}"
	ProjectSection(ProjectDependencies) = postProject
		{B6633F75-AE66-40A4-93CB-379B90161438} = {B6633F75-AE66-40A4-93CB-379B90161438}
	EndProjectSection
EndProject
Project("{9A19103F-16F7-4668-BE54-9A1E7A4F7556}") = "DAL.List", "DAL.List\DAL.List.csproj", "{6915FEA8-AB74-484A-A8C6-9CE7C8A9835D}"
	ProjectSection(ProjectDependencies) = postProject
		{F99C8A24-A73D-4A6D-802E-8A5C1AC14BC9} = {F99C8A24-A73D-4A6D-802E-8A5C1AC14BC9}
	EndProjectSection
EndProject
Project("{FAE04EC0-301F-11D3-BF4B-00C04F79EFBC}") = "WinForms", "WinForms\WinForms.csproj", "{B3176C44-7D8F-447D-B138-54C1AD80C40D}"
	ProjectSection(ProjectDependencies) = postProject
		{F99C8A24-A73D-4A6D-802E-8A5C1AC14BC9} = {F99C8A24-A73D-4A6D-802E-8A5C1AC14BC9}
		{B6633F75-AE66-40A4-93CB-379B90161438} = {B6633F75-AE66-40A4-93CB-379B90161438}
		{6915FEA8-AB74-484A-A8C6-9CE7C8A9835D} = {6915FEA8-AB74-484A-A8C6-9CE7C8A9835D}
		{6DCA71CD-EB2A-4B5A-80A3-29B90EA2D434} = {6DCA71CD-EB2A-4B5A-80A3-29B90EA2D434}
	EndProjectSection
EndProject
Project("{FAE04EC0-301F-11D3-BF4B-00C04F79EFBC}") = "BLL", "BLL\BLL.csproj", "{6DCA71CD-EB2A-4B5A-80A3-29B90EA2D434}"
	ProjectSection(ProjectDependencies) = postProject
		{F99C8A24-A73D-4A6D-802E-8A5C1AC14BC9} = {F99C8A24-A73D-4A6D-802E-8A5C1AC14BC9}
		{B6633F75-AE66-40A4-93CB-379B90161438} = {B6633F75-AE66-40A4-93CB-379B90161438}
		{6915FEA8-AB74-484A-A8C6-9CE7C8A9835D} = {6915FEA8-AB74-484A-A8C6-9CE7C8A9835D}
	EndProjectSection
EndProject
Global
	GlobalSection(SolutionConfigurationPlatforms) = preSolution
		Debug|Any CPU = Debug|Any CPU
		Release|Any CPU = Release|Any CPU
	EndGlobalSection
	GlobalSection(ProjectConfigurationPlatforms) = postSolution
		{488D5750-5D05-41A9-909E-995BB062B51D}.Debug|Any CPU.ActiveCfg = Debug|Any CPU
		{488D5750-5D05-41A9-909E-995BB062B51D}.Debug|Any CPU.Build.0 = Debug|Any CPU
		{488D5750-5D05-41A9-909E-995BB062B51D}.Release|Any CPU.ActiveCfg = Release|Any CPU
		{488D5750-5D05-41A9-909E-995BB062B51D}.Release|Any CPU.Build.0 = Release|Any CPU
		{8C0C6DF8-FAEE-4976-819D-F566F30C168B}.Debug|Any CPU.ActiveCfg = Debug|Any CPU
		{8C0C6DF8-FAEE-4976-819D-F566F30C168B}.Debug|Any CPU.Build.0 = Debug|Any CPU
		{8C0C6DF8-FAEE-4976-819D-F566F30C168B}.Release|Any CPU.ActiveCfg = Release|Any CPU
		{8C0C6DF8-FAEE-4976-819D-F566F30C168B}.Release|Any CPU.Build.0 = Release|Any CPU
		{B6633F75-AE66-40A4-93CB-379B90161438}.Debug|Any CPU.ActiveCfg = Debug|Any CPU
		{B6633F75-AE66-40A4-93CB-379B90161438}.Debug|Any CPU.Build.0 = Debug|Any CPU
		{B6633F75-AE66-40A4-93CB-379B90161438}.Release|Any CPU.ActiveCfg = Release|Any CPU
		{B6633F75-AE66-40A4-93CB-379B90161438}.Release|Any CPU.Build.0 = Release|Any CPU
		{F99C8A24-A73D-4A6D-802E-8A5C1AC14BC9}.Debug|Any CPU.ActiveCfg = Debug|Any CPU
		{F99C8A24-A73D-4A6D-802E-8A5C1AC14BC9}.Debug|Any CPU.Build.0 = Debug|Any CPU
		{F99C8A24-A73D-4A6D-802E-8A5C1AC14BC9}.Release|Any CPU.ActiveCfg = Release|Any CPU
		{F99C8A24-A73D-4A6D-802E-8A5C1AC14BC9}.Release|Any CPU.Build.0 = Release|Any CPU
		{6915FEA8-AB74-484A-A8C6-9CE7C8A9835D}.Debug|Any CPU.ActiveCfg = Debug|Any CPU
		{6915FEA8-AB74-484A-A8C6-9CE7C8A9835D}.Debug|Any CPU.Build.0 = Debug|Any CPU
		{6915FEA8-AB74-484A-A8C6-9CE7C8A9835D}.Release|Any CPU.ActiveCfg = Release|Any CPU
		{6915FEA8-AB74-484A-A8C6-9CE7C8A9835D}.Release|Any CPU.Build.0 = Release|Any CPU
		{B3176C44-7D8F-447D-B138-54C1AD80C40D}.Debug|Any CPU.ActiveCfg = Debug|Any CPU
		{B3176C44-7D8F-447D-B138-54C1AD80C40D}.Debug|Any CPU.Build.0 = Debug|Any CPU
		{B3176C44-7D8F-447D-B138-54C1AD80C40D}.Release|Any CPU.ActiveCfg = Release|Any CPU
		{B3176C44-7D8F-447D-B138-54C1AD80C40D}.Release|Any CPU.Build.0 = Release|Any CPU
		{6DCA71CD-EB2A-4B5A-80A3-29B90EA2D434}.Debug|Any CPU.ActiveCfg = Debug|Any CPU
		{6DCA71CD-EB2A-4B5A-80A3-29B90EA2D434}.Debug|Any CPU.Build.0 = Debug|Any CPU
		{6DCA71CD-EB2A-4B5A-80A3-29B90EA2D434}.Release|Any CPU.ActiveCfg = Release|Any CPU
		{6DCA71CD-EB2A-4B5A-80A3-29B90EA2D434}.Release|Any CPU.Build.0 = Release|Any CPU
	EndGlobalSection
	GlobalSection(SolutionProperties) = preSolution
		HideSolutionNode = FALSE
	EndGlobalSection
	GlobalSection(NestedProjects) = preSolution
		{B6633F75-AE66-40A4-93CB-379B90161438} = {4E51FDD6-CB8C-4A2D-9BB7-865A73CCD868}
		{F99C8A24-A73D-4A6D-802E-8A5C1AC14BC9} = {3C2871C1-0E6F-4593-BBF0-EE97E23F8866}
		{6915FEA8-AB74-484A-A8C6-9CE7C8A9835D} = {1BFF47D5-1597-4FA0-9F59-77ACAD46C5C1}
		{B3176C44-7D8F-447D-B138-54C1AD80C40D} = {3B7E961F-924B-424C-B153-A88B86804DCD}
		{6DCA71CD-EB2A-4B5A-80A3-29B90EA2D434} = {7B6DA84F-EFAD-4D00-A998-A3615BB84835}
	EndGlobalSection
	GlobalSection(ExtensibilityGlobals) = postSolution
		SolutionGuid = {9D8EE25D-4A9B-4C82-92C8-CFB4B534932E}
	EndGlobalSection
EndGlobal
