
Microsoft Visual Studio Solution File, Format Version 12.00
# Visual Studio Version 16
VisualStudioVersion = 16.0.31702.278
MinimumVisualStudioVersion = 10.0.40219.1
Project("{FAE04EC0-301F-11D3-BF4B-00C04F79EFBC}") = "Task1", "Task1\Task1.csproj", "{0938482D-3BE9-4DF2-827A-A17C1FEFF32C}"
EndProject
Project("{FAE04EC0-301F-11D3-BF4B-00C04F79EFBC}") = "Task2", "Task2\Task2.csproj", "{E817370E-B16A-479B-B33C-D8EA541DD836}"
EndProject
Global
	GlobalSection(SolutionConfigurationPlatforms) = preSolution
		Debug|Any CPU = Debug|Any CPU
		Release|Any CPU = Release|Any CPU
	EndGlobalSection
	GlobalSection(ProjectConfigurationPlatforms) = postSolution
		{0938482D-3BE9-4DF2-827A-A17C1FEFF32C}.Debug|Any CPU.ActiveCfg = Debug|Any CPU
		{0938482D-3BE9-4DF2-827A-A17C1FEFF32C}.Debug|Any CPU.Build.0 = Debug|Any CPU
		{0938482D-3BE9-4DF2-827A-A17C1FEFF32C}.Release|Any CPU.ActiveCfg = Release|Any CPU
		{0938482D-3BE9-4DF2-827A-A17C1FEFF32C}.Release|Any CPU.Build.0 = Release|Any CPU
		{E817370E-B16A-479B-B33C-D8EA541DD836}.Debug|Any CPU.ActiveCfg = Debug|Any CPU
		{E817370E-B16A-479B-B33C-D8EA541DD836}.Debug|Any CPU.Build.0 = Debug|Any CPU
		{E817370E-B16A-479B-B33C-D8EA541DD836}.Release|Any CPU.ActiveCfg = Release|Any CPU
		{E817370E-B16A-479B-B33C-D8EA541DD836}.Release|Any CPU.Build.0 = Release|Any CPU
	EndGlobalSection
	GlobalSection(SolutionProperties) = preSolution
		HideSolutionNode = FALSE
	EndGlobalSection
	GlobalSection(ExtensibilityGlobals) = postSolution
		SolutionGuid = {AA9F1246-6BC2-4D59-9C68-5D1BCC7F351C}
	EndGlobalSection
EndGlobal
