
Microsoft Visual Studio Solution File, Format Version 12.00
# Visual Studio Version 16
VisualStudioVersion = 16.0.31702.278
MinimumVisualStudioVersion = 10.0.40219.1
Project("{FAE04EC0-301F-11D3-BF4B-00C04F79EFBC}") = "Task1", "Task1\Task1.csproj", "{064B1501-A930-480B-A385-4DB44E392B20}"
EndProject
Project("{FAE04EC0-301F-11D3-BF4B-00C04F79EFBC}") = "Task2", "Task2\Task2.csproj", "{061B959A-921C-4C8B-A6FA-129AD72CD22D}"
EndProject
Project("{FAE04EC0-301F-11D3-BF4B-00C04F79EFBC}") = "Task3", "Task3\Task3.csproj", "{DBE7C5A6-0240-4BAA-8BF0-FB1B5CAC3EBC}"
EndProject
Global
	GlobalSection(SolutionConfigurationPlatforms) = preSolution
		Debug|Any CPU = Debug|Any CPU
		Release|Any CPU = Release|Any CPU
	EndGlobalSection
	GlobalSection(ProjectConfigurationPlatforms) = postSolution
		{064B1501-A930-480B-A385-4DB44E392B20}.Debug|Any CPU.ActiveCfg = Debug|Any CPU
		{064B1501-A930-480B-A385-4DB44E392B20}.Debug|Any CPU.Build.0 = Debug|Any CPU
		{064B1501-A930-480B-A385-4DB44E392B20}.Release|Any CPU.ActiveCfg = Release|Any CPU
		{064B1501-A930-480B-A385-4DB44E392B20}.Release|Any CPU.Build.0 = Release|Any CPU
		{061B959A-921C-4C8B-A6FA-129AD72CD22D}.Debug|Any CPU.ActiveCfg = Debug|Any CPU
		{061B959A-921C-4C8B-A6FA-129AD72CD22D}.Debug|Any CPU.Build.0 = Debug|Any CPU
		{061B959A-921C-4C8B-A6FA-129AD72CD22D}.Release|Any CPU.ActiveCfg = Release|Any CPU
		{061B959A-921C-4C8B-A6FA-129AD72CD22D}.Release|Any CPU.Build.0 = Release|Any CPU
		{DBE7C5A6-0240-4BAA-8BF0-FB1B5CAC3EBC}.Debug|Any CPU.ActiveCfg = Debug|Any CPU
		{DBE7C5A6-0240-4BAA-8BF0-FB1B5CAC3EBC}.Debug|Any CPU.Build.0 = Debug|Any CPU
		{DBE7C5A6-0240-4BAA-8BF0-FB1B5CAC3EBC}.Release|Any CPU.ActiveCfg = Release|Any CPU
		{DBE7C5A6-0240-4BAA-8BF0-FB1B5CAC3EBC}.Release|Any CPU.Build.0 = Release|Any CPU
	EndGlobalSection
	GlobalSection(SolutionProperties) = preSolution
		HideSolutionNode = FALSE
	EndGlobalSection
	GlobalSection(ExtensibilityGlobals) = postSolution
		SolutionGuid = {A769AEEE-C5DE-45AB-B2B9-4C35F5EC13BB}
	EndGlobalSection
EndGlobal
